
Microsoft Visual Studio Solution File, Format Version 12.00
# Visual Studio 15
VisualStudioVersion = 15.0.26124.0
MinimumVisualStudioVersion = 15.0.26124.0
Project("{2150E333-8FDC-42A3-9474-1A3956D46DE8}") = "src", "src", "{FED144C2-7DE1-45D7-8AAA-909AEE511F19}"
EndProject
Project("{FAE04EC0-301F-11D3-BF4B-00C04F79EFBC}") = "IdentityServer", "src\IdentityServer\IdentityServer.csproj", "{1BF0A7F6-EAB7-4C37-9A3C-AA843E880ED6}"
EndProject
Project("{FAE04EC0-301F-11D3-BF4B-00C04F79EFBC}") = "Api", "src\Api\Api.csproj", "{D3B7F537-A0D7-4279-8CEC-19A035C269E3}"
EndProject
Project("{FAE04EC0-301F-11D3-BF4B-00C04F79EFBC}") = "Client", "src\Client\Client.csproj", "{FF01018B-670D-4ED5-89E5-5CD3770D0684}"
EndProject
Global
	GlobalSection(SolutionConfigurationPlatforms) = preSolution
		Debug|Any CPU = Debug|Any CPU
		Debug|x64 = Debug|x64
		Debug|x86 = Debug|x86
		Release|Any CPU = Release|Any CPU
		Release|x64 = Release|x64
		Release|x86 = Release|x86
	EndGlobalSection
	GlobalSection(SolutionProperties) = preSolution
		HideSolutionNode = FALSE
	EndGlobalSection
	GlobalSection(ProjectConfigurationPlatforms) = postSolution
		{1BF0A7F6-EAB7-4C37-9A3C-AA843E880ED6}.Debug|Any CPU.ActiveCfg = Debug|Any CPU
		{1BF0A7F6-EAB7-4C37-9A3C-AA843E880ED6}.Debug|Any CPU.Build.0 = Debug|Any CPU
		{1BF0A7F6-EAB7-4C37-9A3C-AA843E880ED6}.Debug|x64.ActiveCfg = Debug|Any CPU
		{1BF0A7F6-EAB7-4C37-9A3C-AA843E880ED6}.Debug|x64.Build.0 = Debug|Any CPU
		{1BF0A7F6-EAB7-4C37-9A3C-AA843E880ED6}.Debug|x86.ActiveCfg = Debug|Any CPU
		{1BF0A7F6-EAB7-4C37-9A3C-AA843E880ED6}.Debug|x86.Build.0 = Debug|Any CPU
		{1BF0A7F6-EAB7-4C37-9A3C-AA843E880ED6}.Release|Any CPU.ActiveCfg = Release|Any CPU
		{1BF0A7F6-EAB7-4C37-9A3C-AA843E880ED6}.Release|Any CPU.Build.0 = Release|Any CPU
		{1BF0A7F6-EAB7-4C37-9A3C-AA843E880ED6}.Release|x64.ActiveCfg = Release|Any CPU
		{1BF0A7F6-EAB7-4C37-9A3C-AA843E880ED6}.Release|x64.Build.0 = Release|Any CPU
		{1BF0A7F6-EAB7-4C37-9A3C-AA843E880ED6}.Release|x86.ActiveCfg = Release|Any CPU
		{1BF0A7F6-EAB7-4C37-9A3C-AA843E880ED6}.Release|x86.Build.0 = Release|Any CPU
		{D3B7F537-A0D7-4279-8CEC-19A035C269E3}.Debug|Any CPU.ActiveCfg = Debug|Any CPU
		{D3B7F537-A0D7-4279-8CEC-19A035C269E3}.Debug|Any CPU.Build.0 = Debug|Any CPU
		{D3B7F537-A0D7-4279-8CEC-19A035C269E3}.Debug|x64.ActiveCfg = Debug|Any CPU
		{D3B7F537-A0D7-4279-8CEC-19A035C269E3}.Debug|x64.Build.0 = Debug|Any CPU
		{D3B7F537-A0D7-4279-8CEC-19A035C269E3}.Debug|x86.ActiveCfg = Debug|Any CPU
		{D3B7F537-A0D7-4279-8CEC-19A035C269E3}.Debug|x86.Build.0 = Debug|Any CPU
		{D3B7F537-A0D7-4279-8CEC-19A035C269E3}.Release|Any CPU.ActiveCfg = Release|Any CPU
		{D3B7F537-A0D7-4279-8CEC-19A035C269E3}.Release|Any CPU.Build.0 = Release|Any CPU
		{D3B7F537-A0D7-4279-8CEC-19A035C269E3}.Release|x64.ActiveCfg = Release|Any CPU
		{D3B7F537-A0D7-4279-8CEC-19A035C269E3}.Release|x64.Build.0 = Release|Any CPU
		{D3B7F537-A0D7-4279-8CEC-19A035C269E3}.Release|x86.ActiveCfg = Release|Any CPU
		{D3B7F537-A0D7-4279-8CEC-19A035C269E3}.Release|x86.Build.0 = Release|Any CPU
		{FF01018B-670D-4ED5-89E5-5CD3770D0684}.Debug|Any CPU.ActiveCfg = Debug|Any CPU
		{FF01018B-670D-4ED5-89E5-5CD3770D0684}.Debug|Any CPU.Build.0 = Debug|Any CPU
		{FF01018B-670D-4ED5-89E5-5CD3770D0684}.Debug|x64.ActiveCfg = Debug|Any CPU
		{FF01018B-670D-4ED5-89E5-5CD3770D0684}.Debug|x64.Build.0 = Debug|Any CPU
		{FF01018B-670D-4ED5-89E5-5CD3770D0684}.Debug|x86.ActiveCfg = Debug|Any CPU
		{FF01018B-670D-4ED5-89E5-5CD3770D0684}.Debug|x86.Build.0 = Debug|Any CPU
		{FF01018B-670D-4ED5-89E5-5CD3770D0684}.Release|Any CPU.ActiveCfg = Release|Any CPU
		{FF01018B-670D-4ED5-89E5-5CD3770D0684}.Release|Any CPU.Build.0 = Release|Any CPU
		{FF01018B-670D-4ED5-89E5-5CD3770D0684}.Release|x64.ActiveCfg = Release|Any CPU
		{FF01018B-670D-4ED5-89E5-5CD3770D0684}.Release|x64.Build.0 = Release|Any CPU
		{FF01018B-670D-4ED5-89E5-5CD3770D0684}.Release|x86.ActiveCfg = Release|Any CPU
		{FF01018B-670D-4ED5-89E5-5CD3770D0684}.Release|x86.Build.0 = Release|Any CPU
	EndGlobalSection
	GlobalSection(NestedProjects) = preSolution
		{1BF0A7F6-EAB7-4C37-9A3C-AA843E880ED6} = {FED144C2-7DE1-45D7-8AAA-909AEE511F19}
		{D3B7F537-A0D7-4279-8CEC-19A035C269E3} = {FED144C2-7DE1-45D7-8AAA-909AEE511F19}
		{FF01018B-670D-4ED5-89E5-5CD3770D0684} = {FED144C2-7DE1-45D7-8AAA-909AEE511F19}
	EndGlobalSection
EndGlobal
